{
    "name": "ai-3d-model-maker",
    "version": "1.0.0",
    "lockfileVersion": 3,
    "requires": true,
    "packages": {
        "": {
            "name": "ai-3d-model-maker",
            "version": "1.0.0",
            "engines": {
                "node": "16.x",
                "npm": "7.x"
            }
        }
    }
}
